
Microsoft Visual Studio Solution File, Format Version 12.00
# Visual Studio Version 17
VisualStudioVersion = 17.12.35506.116
MinimumVisualStudioVersion = 10.0.40219.1
Project("{FAE04EC0-301F-11D3-BF4B-00C04F79EFBC}") = "TestePratico", "TestePratico\TestePratico.csproj", "{ABC54650-E239-41DD-9C47-CBA64948522C}"
EndProject
Project("{FAE04EC0-301F-11D3-BF4B-00C04F79EFBC}") = "TestProject", "TestProject\TestProject.csproj", "{2904F528-F326-4702-987C-0F34421E9D5F}"
EndProject
Global
	GlobalSection(SolutionConfigurationPlatforms) = preSolution
		Debug|Any CPU = Debug|Any CPU
		Release|Any CPU = Release|Any CPU
	EndGlobalSection
	GlobalSection(ProjectConfigurationPlatforms) = postSolution
		{ABC54650-E239-41DD-9C47-CBA64948522C}.Debug|Any CPU.ActiveCfg = Debug|Any CPU
		{ABC54650-E239-41DD-9C47-CBA64948522C}.Debug|Any CPU.Build.0 = Debug|Any CPU
		{ABC54650-E239-41DD-9C47-CBA64948522C}.Release|Any CPU.ActiveCfg = Release|Any CPU
		{ABC54650-E239-41DD-9C47-CBA64948522C}.Release|Any CPU.Build.0 = Release|Any CPU
		{2904F528-F326-4702-987C-0F34421E9D5F}.Debug|Any CPU.ActiveCfg = Debug|Any CPU
		{2904F528-F326-4702-987C-0F34421E9D5F}.Debug|Any CPU.Build.0 = Debug|Any CPU
		{2904F528-F326-4702-987C-0F34421E9D5F}.Release|Any CPU.ActiveCfg = Release|Any CPU
		{2904F528-F326-4702-987C-0F34421E9D5F}.Release|Any CPU.Build.0 = Release|Any CPU
	EndGlobalSection
	GlobalSection(SolutionProperties) = preSolution
		HideSolutionNode = FALSE
	EndGlobalSection
EndGlobal
